<?xml version="1.0" encoding="utf-8"?>
<Project ToolsVersion="4.0" xmlns="http://schemas.microsoft.com/developer/msbuild/2003">
  <ItemGroup>
    <ClCompile Include="Racing Simulation.cpp" />
    <ClCompile Include="Skybox.cpp" />
    <ClCompile Include="Wheel.cpp" />
    <ClCompile Include="CollisionChecker.cpp" />
    <ClCompile Include="Car.cpp" />
  </ItemGroup>
  <ItemGroup>
    <ClInclude Include="camera.h" />
    <ClInclude Include="Car.h" />
    <ClInclude Include="Carconfig.h" />
    <ClInclude Include="mesh.h" />
    <ClInclude Include="model.h" />
    <ClInclude Include="shader.h" />
    <ClInclude Include="shader_m.h" />
    <ClInclude Include="Skybox.h" />
    <ClInclude Include="Wheel.h" />
    <ClInclude Include="CollisionChecker.h" />
  </ItemGroup>
  <ItemGroup>
    <None Include="Shaders\model\model_loading.fs" />
    <None Include="Shaders\model\model_loading.vs" />
  </ItemGroup>
</Project>